
Microsoft Visual Studio Solution File, Format Version 12.00
Project("{FAE04EC0-301F-11D3-BF4B-00C04F79EFBC}") = "AudioPlayer-Addons", "AudioPlayer-Addons\AudioPlayer-Addons.csproj", "{D03427A8-880B-442B-AF8C-D9CDEFE0E575}"
EndProject
Global
	GlobalSection(SolutionConfigurationPlatforms) = preSolution
		Debug|Any CPU = Debug|Any CPU
		Release|Any CPU = Release|Any CPU
	EndGlobalSection
	GlobalSection(ProjectConfigurationPlatforms) = postSolution
		{D03427A8-880B-442B-AF8C-D9CDEFE0E575}.Debug|Any CPU.ActiveCfg = Debug|Any CPU
		{D03427A8-880B-442B-AF8C-D9CDEFE0E575}.Debug|Any CPU.Build.0 = Debug|Any CPU
		{D03427A8-880B-442B-AF8C-D9CDEFE0E575}.Release|Any CPU.ActiveCfg = Release|Any CPU
		{D03427A8-880B-442B-AF8C-D9CDEFE0E575}.Release|Any CPU.Build.0 = Release|Any CPU
	EndGlobalSection
EndGlobal
